// !$*UTF8*$!
{
	archiveVersion = 1;
	classes = {
	};
	objectVersion = 55;
	objects = {

/* Begin PBXBuildFile section */
		8130CA6629B1BAC2004FA2BF /* APICaller.swift in Sources */ = {isa = PBXBuildFile; fileRef = 8130CA6529B1BAC2004FA2BF /* APICaller.swift */; };
		8130CA6829B1C33D004FA2BF /* Title.swift in Sources */ = {isa = PBXBuildFile; fileRef = 8130CA6729B1C33D004FA2BF /* Title.swift */; };
		8130CA6A29B1C7BF004FA2BF /* Extensions.swift in Sources */ = {isa = PBXBuildFile; fileRef = 8130CA6929B1C7BF004FA2BF /* Extensions.swift */; };
		8130CA6E29B78195004FA2BF /* TitleCollectionViewCell.swift in Sources */ = {isa = PBXBuildFile; fileRef = 8130CA6D29B78195004FA2BF /* TitleCollectionViewCell.swift */; };
		8130CA7129B78516004FA2BF /* SDWebImage in Frameworks */ = {isa = PBXBuildFile; productRef = 8130CA7029B78516004FA2BF /* SDWebImage */; };
		8130CA7329B78516004FA2BF /* SDWebImageMapKit in Frameworks */ = {isa = PBXBuildFile; productRef = 8130CA7229B78516004FA2BF /* SDWebImageMapKit */; };
		8130CA7529B79C92004FA2BF /* TitleTableViewCell.swift in Sources */ = {isa = PBXBuildFile; fileRef = 8130CA7429B79C92004FA2BF /* TitleTableViewCell.swift */; };
		8130CA7729B7A2FA004FA2BF /* TitleViewModel.swift in Sources */ = {isa = PBXBuildFile; fileRef = 8130CA7629B7A2FA004FA2BF /* TitleViewModel.swift */; };
		8130CA7929B84781004FA2BF /* SearchResultsViewController.swift in Sources */ = {isa = PBXBuildFile; fileRef = 8130CA7829B84781004FA2BF /* SearchResultsViewController.swift */; };
		8130CA7D29B86606004FA2BF /* YoutubeSearchResponse.swift in Sources */ = {isa = PBXBuildFile; fileRef = 8130CA7C29B86606004FA2BF /* YoutubeSearchResponse.swift */; };
		8130CA7F29B98EBC004FA2BF /* TitlePreviewViewController.swift in Sources */ = {isa = PBXBuildFile; fileRef = 8130CA7E29B98EBC004FA2BF /* TitlePreviewViewController.swift */; };
		8130CA8129B9947B004FA2BF /* TitlePreviewViewModel.swift in Sources */ = {isa = PBXBuildFile; fileRef = 8130CA8029B9947B004FA2BF /* TitlePreviewViewModel.swift */; };
		8139FE6F29AFC516009C74B3 /* AppDelegate.swift in Sources */ = {isa = PBXBuildFile; fileRef = 8139FE6E29AFC516009C74B3 /* AppDelegate.swift */; };
		8139FE7129AFC516009C74B3 /* SceneDelegate.swift in Sources */ = {isa = PBXBuildFile; fileRef = 8139FE7029AFC516009C74B3 /* SceneDelegate.swift */; };
		8139FE7329AFC516009C74B3 /* MainTabBarViewController.swift in Sources */ = {isa = PBXBuildFile; fileRef = 8139FE7229AFC516009C74B3 /* MainTabBarViewController.swift */; };
		8139FE7829AFC517009C74B3 /* Assets.xcassets in Resources */ = {isa = PBXBuildFile; fileRef = 8139FE7729AFC517009C74B3 /* Assets.xcassets */; };
		8139FE7B29AFC517009C74B3 /* LaunchScreen.storyboard in Resources */ = {isa = PBXBuildFile; fileRef = 8139FE7929AFC517009C74B3 /* LaunchScreen.storyboard */; };
		8139FE8429AFCFFB009C74B3 /* HomeViewController.swift in Sources */ = {isa = PBXBuildFile; fileRef = 8139FE8329AFCFFB009C74B3 /* HomeViewController.swift */; };
		8139FE8629AFD037009C74B3 /* UpcomingViewController.swift in Sources */ = {isa = PBXBuildFile; fileRef = 8139FE8529AFD037009C74B3 /* UpcomingViewController.swift */; };
		8139FE8829AFD082009C74B3 /* SearchViewController.swift in Sources */ = {isa = PBXBuildFile; fileRef = 8139FE8729AFD082009C74B3 /* SearchViewController.swift */; };
		8139FE8A29AFD0B3009C74B3 /* DownloadsViewController.swift in Sources */ = {isa = PBXBuildFile; fileRef = 8139FE8929AFD0B3009C74B3 /* DownloadsViewController.swift */; };
		8139FE9329B06698009C74B3 /* CollectionViewTableViewCell.swift in Sources */ = {isa = PBXBuildFile; fileRef = 8139FE9229B06698009C74B3 /* CollectionViewTableViewCell.swift */; };
		8139FE9529B071C1009C74B3 /* HeroHeadUIView.swift in Sources */ = {isa = PBXBuildFile; fileRef = 8139FE9429B071C1009C74B3 /* HeroHeadUIView.swift */; };
		8139FE9729B07582009C74B3 /* https---specials-images.forbesimg.com-imageserve-61116cea2313e8bae55a536a--Dune--0x0.jpg?fit=scale.jpeg in Resources */ = {isa = PBXBuildFile; fileRef = 8139FE9629B07582009C74B3 /* https---specials-images.forbesimg.com-imageserve-61116cea2313e8bae55a536a--Dune--0x0.jpg?fit=scale.jpeg */; };
/* End PBXBuildFile section */

/* Begin PBXFileReference section */
		8130CA6529B1BAC2004FA2BF /* APICaller.swift */ = {isa = PBXFileReference; lastKnownFileType = sourcecode.swift; path = APICaller.swift; sourceTree = "<group>"; };
		8130CA6729B1C33D004FA2BF /* Title.swift */ = {isa = PBXFileReference; lastKnownFileType = sourcecode.swift; path = Title.swift; sourceTree = "<group>"; };
		8130CA6929B1C7BF004FA2BF /* Extensions.swift */ = {isa = PBXFileReference; lastKnownFileType = sourcecode.swift; path = Extensions.swift; sourceTree = "<group>"; };
		8130CA6D29B78195004FA2BF /* TitleCollectionViewCell.swift */ = {isa = PBXFileReference; lastKnownFileType = sourcecode.swift; path = TitleCollectionViewCell.swift; sourceTree = "<group>"; };
		8130CA7429B79C92004FA2BF /* TitleTableViewCell.swift */ = {isa = PBXFileReference; lastKnownFileType = sourcecode.swift; path = TitleTableViewCell.swift; sourceTree = "<group>"; };
		8130CA7629B7A2FA004FA2BF /* TitleViewModel.swift */ = {isa = PBXFileReference; lastKnownFileType = sourcecode.swift; path = TitleViewModel.swift; sourceTree = "<group>"; };
		8130CA7829B84781004FA2BF /* SearchResultsViewController.swift */ = {isa = PBXFileReference; lastKnownFileType = sourcecode.swift; path = SearchResultsViewController.swift; sourceTree = "<group>"; };
		8130CA7C29B86606004FA2BF /* YoutubeSearchResponse.swift */ = {isa = PBXFileReference; lastKnownFileType = sourcecode.swift; path = YoutubeSearchResponse.swift; sourceTree = "<group>"; };
		8130CA7E29B98EBC004FA2BF /* TitlePreviewViewController.swift */ = {isa = PBXFileReference; lastKnownFileType = sourcecode.swift; path = TitlePreviewViewController.swift; sourceTree = "<group>"; };
		8130CA8029B9947B004FA2BF /* TitlePreviewViewModel.swift */ = {isa = PBXFileReference; lastKnownFileType = sourcecode.swift; path = TitlePreviewViewModel.swift; sourceTree = "<group>"; };
		8139FE6B29AFC516009C74B3 /* Netflex Clone.app */ = {isa = PBXFileReference; explicitFileType = wrapper.application; includeInIndex = 0; path = "Netflex Clone.app"; sourceTree = BUILT_PRODUCTS_DIR; };
		8139FE6E29AFC516009C74B3 /* AppDelegate.swift */ = {isa = PBXFileReference; lastKnownFileType = sourcecode.swift; path = AppDelegate.swift; sourceTree = "<group>"; };
		8139FE7029AFC516009C74B3 /* SceneDelegate.swift */ = {isa = PBXFileReference; lastKnownFileType = sourcecode.swift; path = SceneDelegate.swift; sourceTree = "<group>"; };
		8139FE7229AFC516009C74B3 /* MainTabBarViewController.swift */ = {isa = PBXFileReference; lastKnownFileType = sourcecode.swift; path = MainTabBarViewController.swift; sourceTree = "<group>"; };
		8139FE7729AFC517009C74B3 /* Assets.xcassets */ = {isa = PBXFileReference; lastKnownFileType = folder.assetcatalog; path = Assets.xcassets; sourceTree = "<group>"; };
		8139FE7A29AFC517009C74B3 /* Base */ = {isa = PBXFileReference; lastKnownFileType = file.storyboard; name = Base; path = Base.lproj/LaunchScreen.storyboard; sourceTree = "<group>"; };
		8139FE7C29AFC517009C74B3 /* Info.plist */ = {isa = PBXFileReference; lastKnownFileType = text.plist.xml; path = Info.plist; sourceTree = "<group>"; };
		8139FE8329AFCFFB009C74B3 /* HomeViewController.swift */ = {isa = PBXFileReference; lastKnownFileType = sourcecode.swift; path = HomeViewController.swift; sourceTree = "<group>"; };
		8139FE8529AFD037009C74B3 /* UpcomingViewController.swift */ = {isa = PBXFileReference; lastKnownFileType = sourcecode.swift; path = UpcomingViewController.swift; sourceTree = "<group>"; };
		8139FE8729AFD082009C74B3 /* SearchViewController.swift */ = {isa = PBXFileReference; lastKnownFileType = sourcecode.swift; path = SearchViewController.swift; sourceTree = "<group>"; };
		8139FE8929AFD0B3009C74B3 /* DownloadsViewController.swift */ = {isa = PBXFileReference; lastKnownFileType = sourcecode.swift; path = DownloadsViewController.swift; sourceTree = "<group>"; };
		8139FE9229B06698009C74B3 /* CollectionViewTableViewCell.swift */ = {isa = PBXFileReference; lastKnownFileType = sourcecode.swift; path = CollectionViewTableViewCell.swift; sourceTree = "<group>"; };
		8139FE9429B071C1009C74B3 /* HeroHeadUIView.swift */ = {isa = PBXFileReference; lastKnownFileType = sourcecode.swift; path = HeroHeadUIView.swift; sourceTree = "<group>"; };
		8139FE9629B07582009C74B3 /* https---specials-images.forbesimg.com-imageserve-61116cea2313e8bae55a536a--Dune--0x0.jpg?fit=scale.jpeg */ = {isa = PBXFileReference; lastKnownFileType = image.jpeg; path = "https---specials-images.forbesimg.com-imageserve-61116cea2313e8bae55a536a--Dune--0x0.jpg?fit=scale.jpeg"; sourceTree = "<group>"; };
/* End PBXFileReference section */

/* Begin PBXFrameworksBuildPhase section */
		8139FE6829AFC516009C74B3 /* Frameworks */ = {
			isa = PBXFrameworksBuildPhase;
			buildActionMask = 2147483647;
			files = (
				8130CA7329B78516004FA2BF /* SDWebImageMapKit in Frameworks */,
				8130CA7129B78516004FA2BF /* SDWebImage in Frameworks */,
			);
			runOnlyForDeploymentPostprocessing = 0;
		};
/* End PBXFrameworksBuildPhase section */

/* Begin PBXGroup section */
		8130CA7A29B847D3004FA2BF /* core */ = {
			isa = PBXGroup;
			children = (
				8139FE8329AFCFFB009C74B3 /* HomeViewController.swift */,
				8139FE8529AFD037009C74B3 /* UpcomingViewController.swift */,
				8139FE8729AFD082009C74B3 /* SearchViewController.swift */,
				8139FE8929AFD0B3009C74B3 /* DownloadsViewController.swift */,
			);
			path = core;
			sourceTree = "<group>";
		};
		8130CA7B29B847E7004FA2BF /* general */ = {
			isa = PBXGroup;
			children = (
				8130CA7829B84781004FA2BF /* SearchResultsViewController.swift */,
				8130CA7E29B98EBC004FA2BF /* TitlePreviewViewController.swift */,
			);
			path = general;
			sourceTree = "<group>";
		};
		8139FE6229AFC515009C74B3 = {
			isa = PBXGroup;
			children = (
				8139FE6D29AFC516009C74B3 /* Netflex Clone */,
				8139FE6C29AFC516009C74B3 /* Products */,
			);
			sourceTree = "<group>";
		};
		8139FE6C29AFC516009C74B3 /* Products */ = {
			isa = PBXGroup;
			children = (
				8139FE6B29AFC516009C74B3 /* Netflex Clone.app */,
			);
			name = Products;
			sourceTree = "<group>";
		};
		8139FE6D29AFC516009C74B3 /* Netflex Clone */ = {
			isa = PBXGroup;
			children = (
				8139FE8F29AFE700009C74B3 /* Managers */,
				8139FE8E29AFE6F8009C74B3 /* Resources */,
				8139FE8B29AFE6A8009C74B3 /* Models */,
				8139FE8C29AFE6B0009C74B3 /* Views */,
				8139FE8D29AFE6BD009C74B3 /* ViewModels */,
				8139FE8229AFCFE7009C74B3 /* Controllers */,
				8139FE6E29AFC516009C74B3 /* AppDelegate.swift */,
				8139FE7029AFC516009C74B3 /* SceneDelegate.swift */,
				8139FE7229AFC516009C74B3 /* MainTabBarViewController.swift */,
				8139FE7729AFC517009C74B3 /* Assets.xcassets */,
				8139FE9629B07582009C74B3 /* https---specials-images.forbesimg.com-imageserve-61116cea2313e8bae55a536a--Dune--0x0.jpg?fit=scale.jpeg */,
				8139FE7929AFC517009C74B3 /* LaunchScreen.storyboard */,
				8139FE7C29AFC517009C74B3 /* Info.plist */,
			);
			path = "Netflex Clone";
			sourceTree = "<group>";
		};
		8139FE8229AFCFE7009C74B3 /* Controllers */ = {
			isa = PBXGroup;
			children = (
				8130CA7B29B847E7004FA2BF /* general */,
				8130CA7A29B847D3004FA2BF /* core */,
			);
			path = Controllers;
			sourceTree = "<group>";
		};
		8139FE8B29AFE6A8009C74B3 /* Models */ = {
			isa = PBXGroup;
			children = (
				8130CA6729B1C33D004FA2BF /* Title.swift */,
				8130CA7C29B86606004FA2BF /* YoutubeSearchResponse.swift */,
			);
			path = Models;
			sourceTree = "<group>";
		};
		8139FE8C29AFE6B0009C74B3 /* Views */ = {
			isa = PBXGroup;
			children = (
				8139FE9229B06698009C74B3 /* CollectionViewTableViewCell.swift */,
				8139FE9429B071C1009C74B3 /* HeroHeadUIView.swift */,
				8130CA6D29B78195004FA2BF /* TitleCollectionViewCell.swift */,
				8130CA7429B79C92004FA2BF /* TitleTableViewCell.swift */,
			);
			path = Views;
			sourceTree = "<group>";
		};
		8139FE8D29AFE6BD009C74B3 /* ViewModels */ = {
			isa = PBXGroup;
			children = (
				8130CA7629B7A2FA004FA2BF /* TitleViewModel.swift */,
				8130CA8029B9947B004FA2BF /* TitlePreviewViewModel.swift */,
			);
			path = ViewModels;
			sourceTree = "<group>";
		};
		8139FE8E29AFE6F8009C74B3 /* Resources */ = {
			isa = PBXGroup;
			children = (
				8130CA6929B1C7BF004FA2BF /* Extensions.swift */,
			);
			path = Resources;
			sourceTree = "<group>";
		};
		8139FE8F29AFE700009C74B3 /* Managers */ = {
			isa = PBXGroup;
			children = (
				8130CA6529B1BAC2004FA2BF /* APICaller.swift */,
			);
			path = Managers;
			sourceTree = "<group>";
		};
/* End PBXGroup section */

/* Begin PBXNativeTarget section */
		8139FE6A29AFC516009C74B3 /* Netflex Clone */ = {
			isa = PBXNativeTarget;
			buildConfigurationList = 8139FE7F29AFC517009C74B3 /* Build configuration list for PBXNativeTarget "Netflex Clone" */;
			buildPhases = (
				8139FE6729AFC516009C74B3 /* Sources */,
				8139FE6829AFC516009C74B3 /* Frameworks */,
				8139FE6929AFC516009C74B3 /* Resources */,
			);
			buildRules = (
			);
			dependencies = (
			);
			name = "Netflex Clone";
			packageProductDependencies = (
				8130CA7029B78516004FA2BF /* SDWebImage */,
				8130CA7229B78516004FA2BF /* SDWebImageMapKit */,
			);
			productName = "Netflex Clone";
			productReference = 8139FE6B29AFC516009C74B3 /* Netflex Clone.app */;
			productType = "com.apple.product-type.application";
		};
/* End PBXNativeTarget section */

/* Begin PBXProject section */
		8139FE6329AFC515009C74B3 /* Project object */ = {
			isa = PBXProject;
			attributes = {
				BuildIndependentTargetsInParallel = 1;
				LastSwiftUpdateCheck = 1320;
				LastUpgradeCheck = 1320;
				TargetAttributes = {
					8139FE6A29AFC516009C74B3 = {
						CreatedOnToolsVersion = 13.2.1;
					};
				};
			};
			buildConfigurationList = 8139FE6629AFC515009C74B3 /* Build configuration list for PBXProject "Netflex Clone" */;
			compatibilityVersion = "Xcode 13.0";
			developmentRegion = en;
			hasScannedForEncodings = 0;
			knownRegions = (
				en,
				Base,
			);
			mainGroup = 8139FE6229AFC515009C74B3;
			packageReferences = (
				8130CA6F29B78516004FA2BF /* XCRemoteSwiftPackageReference "SDWebImage" */,
			);
			productRefGroup = 8139FE6C29AFC516009C74B3 /* Products */;
			projectDirPath = "";
			projectRoot = "";
			targets = (
				8139FE6A29AFC516009C74B3 /* Netflex Clone */,
			);
		};
/* End PBXProject section */

/* Begin PBXResourcesBuildPhase section */
		8139FE6929AFC516009C74B3 /* Resources */ = {
			isa = PBXResourcesBuildPhase;
			buildActionMask = 2147483647;
			files = (
				8139FE9729B07582009C74B3 /* https---specials-images.forbesimg.com-imageserve-61116cea2313e8bae55a536a--Dune--0x0.jpg?fit=scale.jpeg in Resources */,
				8139FE7B29AFC517009C74B3 /* LaunchScreen.storyboard in Resources */,
				8139FE7829AFC517009C74B3 /* Assets.xcassets in Resources */,
			);
			runOnlyForDeploymentPostprocessing = 0;
		};
/* End PBXResourcesBuildPhase section */

/* Begin PBXSourcesBuildPhase section */
		8139FE6729AFC516009C74B3 /* Sources */ = {
			isa = PBXSourcesBuildPhase;
			buildActionMask = 2147483647;
			files = (
				8130CA7529B79C92004FA2BF /* TitleTableViewCell.swift in Sources */,
				8139FE8829AFD082009C74B3 /* SearchViewController.swift in Sources */,
				8139FE7329AFC516009C74B3 /* MainTabBarViewController.swift in Sources */,
				8139FE9329B06698009C74B3 /* CollectionViewTableViewCell.swift in Sources */,
				8139FE8A29AFD0B3009C74B3 /* DownloadsViewController.swift in Sources */,
				8139FE6F29AFC516009C74B3 /* AppDelegate.swift in Sources */,
				8130CA6629B1BAC2004FA2BF /* APICaller.swift in Sources */,
				8139FE7129AFC516009C74B3 /* SceneDelegate.swift in Sources */,
				8130CA6E29B78195004FA2BF /* TitleCollectionViewCell.swift in Sources */,
				8130CA7929B84781004FA2BF /* SearchResultsViewController.swift in Sources */,
				8130CA6A29B1C7BF004FA2BF /* Extensions.swift in Sources */,
				8130CA7D29B86606004FA2BF /* YoutubeSearchResponse.swift in Sources */,
				8139FE8629AFD037009C74B3 /* UpcomingViewController.swift in Sources */,
				8130CA8129B9947B004FA2BF /* TitlePreviewViewModel.swift in Sources */,
				8139FE8429AFCFFB009C74B3 /* HomeViewController.swift in Sources */,
				8130CA7F29B98EBC004FA2BF /* TitlePreviewViewController.swift in Sources */,
				8130CA6829B1C33D004FA2BF /* Title.swift in Sources */,
				8139FE9529B071C1009C74B3 /* HeroHeadUIView.swift in Sources */,
				8130CA7729B7A2FA004FA2BF /* TitleViewModel.swift in Sources */,
			);
			runOnlyForDeploymentPostprocessing = 0;
		};
/* End PBXSourcesBuildPhase section */

/* Begin PBXVariantGroup section */
		8139FE7929AFC517009C74B3 /* LaunchScreen.storyboard */ = {
			isa = PBXVariantGroup;
			children = (
				8139FE7A29AFC517009C74B3 /* Base */,
			);
			name = LaunchScreen.storyboard;
			sourceTree = "<group>";
		};
/* End PBXVariantGroup section */

/* Begin XCBuildConfiguration section */
		8139FE7D29AFC517009C74B3 /* Debug */ = {
			isa = XCBuildConfiguration;
			buildSettings = {
				ALWAYS_SEARCH_USER_PATHS = NO;
				CLANG_ANALYZER_NONNULL = YES;
				CLANG_ANALYZER_NUMBER_OBJECT_CONVERSION = YES_AGGRESSIVE;
				CLANG_CXX_LANGUAGE_STANDARD = "gnu++17";
				CLANG_CXX_LIBRARY = "libc++";
				CLANG_ENABLE_MODULES = YES;
				CLANG_ENABLE_OBJC_ARC = YES;
				CLANG_ENABLE_OBJC_WEAK = YES;
				CLANG_WARN_BLOCK_CAPTURE_AUTORELEASING = YES;
				CLANG_WARN_BOOL_CONVERSION = YES;
				CLANG_WARN_COMMA = YES;
				CLANG_WARN_CONSTANT_CONVERSION = YES;
				CLANG_WARN_DEPRECATED_OBJC_IMPLEMENTATIONS = YES;
				CLANG_WARN_DIRECT_OBJC_ISA_USAGE = YES_ERROR;
				CLANG_WARN_DOCUMENTATION_COMMENTS = YES;
				CLANG_WARN_EMPTY_BODY = YES;
				CLANG_WARN_ENUM_CONVERSION = YES;
				CLANG_WARN_INFINITE_RECURSION = YES;
				CLANG_WARN_INT_CONVERSION = YES;
				CLANG_WARN_NON_LITERAL_NULL_CONVERSION = YES;
				CLANG_WARN_OBJC_IMPLICIT_RETAIN_SELF = YES;
				CLANG_WARN_OBJC_LITERAL_CONVERSION = YES;
				CLANG_WARN_OBJC_ROOT_CLASS = YES_ERROR;
				CLANG_WARN_QUOTED_INCLUDE_IN_FRAMEWORK_HEADER = YES;
				CLANG_WARN_RANGE_LOOP_ANALYSIS = YES;
				CLANG_WARN_STRICT_PROTOTYPES = YES;
				CLANG_WARN_SUSPICIOUS_MOVE = YES;
				CLANG_WARN_UNGUARDED_AVAILABILITY = YES_AGGRESSIVE;
				CLANG_WARN_UNREACHABLE_CODE = YES;
				CLANG_WARN__DUPLICATE_METHOD_MATCH = YES;
				COPY_PHASE_STRIP = NO;
				DEBUG_INFORMATION_FORMAT = dwarf;
				ENABLE_STRICT_OBJC_MSGSEND = YES;
				ENABLE_TESTABILITY = YES;
				GCC_C_LANGUAGE_STANDARD = gnu11;
				GCC_DYNAMIC_NO_PIC = NO;
				GCC_NO_COMMON_BLOCKS = YES;
				GCC_OPTIMIZATION_LEVEL = 0;
				GCC_PREPROCESSOR_DEFINITIONS = (
					"DEBUG=1",
					"$(inherited)",
				);
				GCC_WARN_64_TO_32_BIT_CONVERSION = YES;
				GCC_WARN_ABOUT_RETURN_TYPE = YES_ERROR;
				GCC_WARN_UNDECLARED_SELECTOR = YES;
				GCC_WARN_UNINITIALIZED_AUTOS = YES_AGGRESSIVE;
				GCC_WARN_UNUSED_FUNCTION = YES;
				GCC_WARN_UNUSED_VARIABLE = YES;
				IPHONEOS_DEPLOYMENT_TARGET = 15.2;
				MTL_ENABLE_DEBUG_INFO = INCLUDE_SOURCE;
				MTL_FAST_MATH = YES;
				ONLY_ACTIVE_ARCH = YES;
				SDKROOT = iphoneos;
				SWIFT_ACTIVE_COMPILATION_CONDITIONS = DEBUG;
				SWIFT_OPTIMIZATION_LEVEL = "-Onone";
			};
			name = Debug;
		};
		8139FE7E29AFC517009C74B3 /* Release */ = {
			isa = XCBuildConfiguration;
			buildSettings = {
				ALWAYS_SEARCH_USER_PATHS = NO;
				CLANG_ANALYZER_NONNULL = YES;
				CLANG_ANALYZER_NUMBER_OBJECT_CONVERSION = YES_AGGRESSIVE;
				CLANG_CXX_LANGUAGE_STANDARD = "gnu++17";
				CLANG_CXX_LIBRARY = "libc++";
				CLANG_ENABLE_MODULES = YES;
				CLANG_ENABLE_OBJC_ARC = YES;
				CLANG_ENABLE_OBJC_WEAK = YES;
				CLANG_WARN_BLOCK_CAPTURE_AUTORELEASING = YES;
				CLANG_WARN_BOOL_CONVERSION = YES;
				CLANG_WARN_COMMA = YES;
				CLANG_WARN_CONSTANT_CONVERSION = YES;
				CLANG_WARN_DEPRECATED_OBJC_IMPLEMENTATIONS = YES;
				CLANG_WARN_DIRECT_OBJC_ISA_USAGE = YES_ERROR;
				CLANG_WARN_DOCUMENTATION_COMMENTS = YES;
				CLANG_WARN_EMPTY_BODY = YES;
				CLANG_WARN_ENUM_CONVERSION = YES;
				CLANG_WARN_INFINITE_RECURSION = YES;
				CLANG_WARN_INT_CONVERSION = YES;
				CLANG_WARN_NON_LITERAL_NULL_CONVERSION = YES;
				CLANG_WARN_OBJC_IMPLICIT_RETAIN_SELF = YES;
				CLANG_WARN_OBJC_LITERAL_CONVERSION = YES;
				CLANG_WARN_OBJC_ROOT_CLASS = YES_ERROR;
				CLANG_WARN_QUOTED_INCLUDE_IN_FRAMEWORK_HEADER = YES;
				CLANG_WARN_RANGE_LOOP_ANALYSIS = YES;
				CLANG_WARN_STRICT_PROTOTYPES = YES;
				CLANG_WARN_SUSPICIOUS_MOVE = YES;
				CLANG_WARN_UNGUARDED_AVAILABILITY = YES_AGGRESSIVE;
				CLANG_WARN_UNREACHABLE_CODE = YES;
				CLANG_WARN__DUPLICATE_METHOD_MATCH = YES;
				COPY_PHASE_STRIP = NO;
				DEBUG_INFORMATION_FORMAT = "dwarf-with-dsym";
				ENABLE_NS_ASSERTIONS = NO;
				ENABLE_STRICT_OBJC_MSGSEND = YES;
				GCC_C_LANGUAGE_STANDARD = gnu11;
				GCC_NO_COMMON_BLOCKS = YES;
				GCC_WARN_64_TO_32_BIT_CONVERSION = YES;
				GCC_WARN_ABOUT_RETURN_TYPE = YES_ERROR;
				GCC_WARN_UNDECLARED_SELECTOR = YES;
				GCC_WARN_UNINITIALIZED_AUTOS = YES_AGGRESSIVE;
				GCC_WARN_UNUSED_FUNCTION = YES;
				GCC_WARN_UNUSED_VARIABLE = YES;
				IPHONEOS_DEPLOYMENT_TARGET = 15.2;
				MTL_ENABLE_DEBUG_INFO = NO;
				MTL_FAST_MATH = YES;
				SDKROOT = iphoneos;
				SWIFT_COMPILATION_MODE = wholemodule;
				SWIFT_OPTIMIZATION_LEVEL = "-O";
				VALIDATE_PRODUCT = YES;
			};
			name = Release;
		};
		8139FE8029AFC517009C74B3 /* Debug */ = {
			isa = XCBuildConfiguration;
			buildSettings = {
				ASSETCATALOG_COMPILER_APPICON_NAME = AppIcon;
				ASSETCATALOG_COMPILER_GLOBAL_ACCENT_COLOR_NAME = AccentColor;
				CODE_SIGN_STYLE = Automatic;
				CURRENT_PROJECT_VERSION = 1;
				DEVELOPMENT_TEAM = KUYQV6T6MK;
				GENERATE_INFOPLIST_FILE = YES;
				INFOPLIST_FILE = "Netflex Clone/Info.plist";
				INFOPLIST_KEY_UIApplicationSupportsIndirectInputEvents = YES;
				INFOPLIST_KEY_UILaunchStoryboardName = LaunchScreen;
				INFOPLIST_KEY_UISupportedInterfaceOrientations_iPad = "UIInterfaceOrientationPortrait UIInterfaceOrientationPortraitUpsideDown UIInterfaceOrientationLandscapeLeft UIInterfaceOrientationLandscapeRight";
				INFOPLIST_KEY_UISupportedInterfaceOrientations_iPhone = "UIInterfaceOrientationPortrait UIInterfaceOrientationLandscapeLeft UIInterfaceOrientationLandscapeRight";
				LD_RUNPATH_SEARCH_PATHS = (
					"$(inherited)",
					"@executable_path/Frameworks",
				);
				MARKETING_VERSION = 1.0;
				PRODUCT_BUNDLE_IDENTIFIER = "com.sheridancollege.huchu.Netflex-Clone";
				PRODUCT_NAME = "$(TARGET_NAME)";
				SWIFT_EMIT_LOC_STRINGS = YES;
				SWIFT_VERSION = 5.0;
				TARGETED_DEVICE_FAMILY = "1,2";
			};
			name = Debug;
		};
		8139FE8129AFC517009C74B3 /* Release */ = {
			isa = XCBuildConfiguration;
			buildSettings = {
				ASSETCATALOG_COMPILER_APPICON_NAME = AppIcon;
				ASSETCATALOG_COMPILER_GLOBAL_ACCENT_COLOR_NAME = AccentColor;
				CODE_SIGN_STYLE = Automatic;
				CURRENT_PROJECT_VERSION = 1;
				DEVELOPMENT_TEAM = KUYQV6T6MK;
				GENERATE_INFOPLIST_FILE = YES;
				INFOPLIST_FILE = "Netflex Clone/Info.plist";
				INFOPLIST_KEY_UIApplicationSupportsIndirectInputEvents = YES;
				INFOPLIST_KEY_UILaunchStoryboardName = LaunchScreen;
				INFOPLIST_KEY_UISupportedInterfaceOrientations_iPad = "UIInterfaceOrientationPortrait UIInterfaceOrientationPortraitUpsideDown UIInterfaceOrientationLandscapeLeft UIInterfaceOrientationLandscapeRight";
				INFOPLIST_KEY_UISupportedInterfaceOrientations_iPhone = "UIInterfaceOrientationPortrait UIInterfaceOrientationLandscapeLeft UIInterfaceOrientationLandscapeRight";
				LD_RUNPATH_SEARCH_PATHS = (
					"$(inherited)",
					"@executable_path/Frameworks",
				);
				MARKETING_VERSION = 1.0;
				PRODUCT_BUNDLE_IDENTIFIER = "com.sheridancollege.huchu.Netflex-Clone";
				PRODUCT_NAME = "$(TARGET_NAME)";
				SWIFT_EMIT_LOC_STRINGS = YES;
				SWIFT_VERSION = 5.0;
				TARGETED_DEVICE_FAMILY = "1,2";
			};
			name = Release;
		};
/* End XCBuildConfiguration section */

/* Begin XCConfigurationList section */
		8139FE6629AFC515009C74B3 /* Build configuration list for PBXProject "Netflex Clone" */ = {
			isa = XCConfigurationList;
			buildConfigurations = (
				8139FE7D29AFC517009C74B3 /* Debug */,
				8139FE7E29AFC517009C74B3 /* Release */,
			);
			defaultConfigurationIsVisible = 0;
			defaultConfigurationName = Release;
		};
		8139FE7F29AFC517009C74B3 /* Build configuration list for PBXNativeTarget "Netflex Clone" */ = {
			isa = XCConfigurationList;
			buildConfigurations = (
				8139FE8029AFC517009C74B3 /* Debug */,
				8139FE8129AFC517009C74B3 /* Release */,
			);
			defaultConfigurationIsVisible = 0;
			defaultConfigurationName = Release;
		};
/* End XCConfigurationList section */

/* Begin XCRemoteSwiftPackageReference section */
		8130CA6F29B78516004FA2BF /* XCRemoteSwiftPackageReference "SDWebImage" */ = {
			isa = XCRemoteSwiftPackageReference;
			repositoryURL = "https://github.com/SDWebImage/SDWebImage.git";
			requirement = {
				kind = upToNextMajorVersion;
				minimumVersion = 5.0.0;
			};
		};
/* End XCRemoteSwiftPackageReference section */

/* Begin XCSwiftPackageProductDependency section */
		8130CA7029B78516004FA2BF /* SDWebImage */ = {
			isa = XCSwiftPackageProductDependency;
			package = 8130CA6F29B78516004FA2BF /* XCRemoteSwiftPackageReference "SDWebImage" */;
			productName = SDWebImage;
		};
		8130CA7229B78516004FA2BF /* SDWebImageMapKit */ = {
			isa = XCSwiftPackageProductDependency;
			package = 8130CA6F29B78516004FA2BF /* XCRemoteSwiftPackageReference "SDWebImage" */;
			productName = SDWebImageMapKit;
		};
/* End XCSwiftPackageProductDependency section */
	};
	rootObject = 8139FE6329AFC515009C74B3 /* Project object */;
}
